// !$*UTF8*$!
{
	archiveVersion = 1;
	classes = {
	};
	objectVersion = 51;
	objects = {

/* Begin PBXBuildFile section */
		7CA637A2D7088D3820CC4E85 /* Pods_Youtube.framework in Frameworks */ = {isa = PBXBuildFile; fileRef = B4AFAA034BFABA63623473AF /* Pods_Youtube.framework */; };
		BD3F24B42646CD3700D1EBA9 /* RoundedCorners.swift in Sources */ = {isa = PBXBuildFile; fileRef = BD3F24B32646CD3700D1EBA9 /* RoundedCorners.swift */; };
		BD3F24B82646EEC300D1EBA9 /* VMStore.swift in Sources */ = {isa = PBXBuildFile; fileRef = BD3F24B72646EEC300D1EBA9 /* VMStore.swift */; };
		BD3F24BB2647294500D1EBA9 /* AddModal.swift in Sources */ = {isa = PBXBuildFile; fileRef = BD3F24BA2647294500D1EBA9 /* AddModal.swift */; };
		BDB43A5E2641D2AD0038BAE5 /* YoutubeApp.swift in Sources */ = {isa = PBXBuildFile; fileRef = BDB43A5D2641D2AD0038BAE5 /* YoutubeApp.swift */; };
		BDB43A602641D2AD0038BAE5 /* ContentView.swift in Sources */ = {isa = PBXBuildFile; fileRef = BDB43A5F2641D2AD0038BAE5 /* ContentView.swift */; };
		BDB43A622641D2AE0038BAE5 /* Assets.xcassets in Resources */ = {isa = PBXBuildFile; fileRef = BDB43A612641D2AE0038BAE5 /* Assets.xcassets */; };
		BDB43A652641D2AE0038BAE5 /* Preview Assets.xcassets in Resources */ = {isa = PBXBuildFile; fileRef = BDB43A642641D2AE0038BAE5 /* Preview Assets.xcassets */; };
		BDB43A732641D31F0038BAE5 /* Home.swift in Sources */ = {isa = PBXBuildFile; fileRef = BDB43A722641D31F0038BAE5 /* Home.swift */; };
		BDB43A7C2641D4CA0038BAE5 /* Tabbar.swift in Sources */ = {isa = PBXBuildFile; fileRef = BDB43A7B2641D4CA0038BAE5 /* Tabbar.swift */; };
		BDB43A812641D6ED0038BAE5 /* SysImageButton.swift in Sources */ = {isa = PBXBuildFile; fileRef = BDB43A802641D6ED0038BAE5 /* SysImageButton.swift */; };
		BDB43A852641DE440038BAE5 /* ErrorPage.swift in Sources */ = {isa = PBXBuildFile; fileRef = BDB43A842641DE440038BAE5 /* ErrorPage.swift */; };
		BDB43A8D2641E03D0038BAE5 /* Header.swift in Sources */ = {isa = PBXBuildFile; fileRef = BDB43A8C2641E03D0038BAE5 /* Header.swift */; };
		BDB43A912641FDFB0038BAE5 /* README.md in Resources */ = {isa = PBXBuildFile; fileRef = BDB43A902641FDFB0038BAE5 /* README.md */; };
		BDB43A942641FE600038BAE5 /* MVideos.swift in Sources */ = {isa = PBXBuildFile; fileRef = BDB43A932641FE600038BAE5 /* MVideos.swift */; };
		BDB43A992642025F0038BAE5 /* VMHomeFeed.swift in Sources */ = {isa = PBXBuildFile; fileRef = BDB43A982642025F0038BAE5 /* VMHomeFeed.swift */; };
		BDB43AA5264207DA0038BAE5 /* LargeVideoPreview.swift in Sources */ = {isa = PBXBuildFile; fileRef = BDB43AA4264207DA0038BAE5 /* LargeVideoPreview.swift */; };
		BDB43AB726420DFA0038BAE5 /* VMImageLoader.swift in Sources */ = {isa = PBXBuildFile; fileRef = BDB43AB626420DFA0038BAE5 /* VMImageLoader.swift */; };
		BDB43ABF26420F3E0038BAE5 /* ShowImage.swift in Sources */ = {isa = PBXBuildFile; fileRef = BDB43ABE26420F3E0038BAE5 /* ShowImage.swift */; };
/* End PBXBuildFile section */

/* Begin PBXFileReference section */
		18DC8AC63F99FFD5F16317C9 /* Pods-Youtube.release.xcconfig */ = {isa = PBXFileReference; includeInIndex = 1; lastKnownFileType = text.xcconfig; name = "Pods-Youtube.release.xcconfig"; path = "Target Support Files/Pods-Youtube/Pods-Youtube.release.xcconfig"; sourceTree = "<group>"; };
		4B5A6317BDCE0C79F7B50527 /* Pods-Youtube.debug.xcconfig */ = {isa = PBXFileReference; includeInIndex = 1; lastKnownFileType = text.xcconfig; name = "Pods-Youtube.debug.xcconfig"; path = "Target Support Files/Pods-Youtube/Pods-Youtube.debug.xcconfig"; sourceTree = "<group>"; };
		B4AFAA034BFABA63623473AF /* Pods_Youtube.framework */ = {isa = PBXFileReference; explicitFileType = wrapper.framework; includeInIndex = 0; path = Pods_Youtube.framework; sourceTree = BUILT_PRODUCTS_DIR; };
		BD3F24B32646CD3700D1EBA9 /* RoundedCorners.swift */ = {isa = PBXFileReference; lastKnownFileType = sourcecode.swift; path = RoundedCorners.swift; sourceTree = "<group>"; };
		BD3F24B72646EEC300D1EBA9 /* VMStore.swift */ = {isa = PBXFileReference; lastKnownFileType = sourcecode.swift; path = VMStore.swift; sourceTree = "<group>"; };
		BD3F24BA2647294500D1EBA9 /* AddModal.swift */ = {isa = PBXFileReference; lastKnownFileType = sourcecode.swift; path = AddModal.swift; sourceTree = "<group>"; };
		BDB43A5A2641D2AD0038BAE5 /* Youtube.app */ = {isa = PBXFileReference; explicitFileType = wrapper.application; includeInIndex = 0; path = Youtube.app; sourceTree = BUILT_PRODUCTS_DIR; };
		BDB43A5D2641D2AD0038BAE5 /* YoutubeApp.swift */ = {isa = PBXFileReference; lastKnownFileType = sourcecode.swift; path = YoutubeApp.swift; sourceTree = "<group>"; };
		BDB43A5F2641D2AD0038BAE5 /* ContentView.swift */ = {isa = PBXFileReference; lastKnownFileType = sourcecode.swift; path = ContentView.swift; sourceTree = "<group>"; };
		BDB43A612641D2AE0038BAE5 /* Assets.xcassets */ = {isa = PBXFileReference; lastKnownFileType = folder.assetcatalog; path = Assets.xcassets; sourceTree = "<group>"; };
		BDB43A642641D2AE0038BAE5 /* Preview Assets.xcassets */ = {isa = PBXFileReference; lastKnownFileType = folder.assetcatalog; path = "Preview Assets.xcassets"; sourceTree = "<group>"; };
		BDB43A662641D2AE0038BAE5 /* Info.plist */ = {isa = PBXFileReference; lastKnownFileType = text.plist.xml; path = Info.plist; sourceTree = "<group>"; };
		BDB43A722641D31F0038BAE5 /* Home.swift */ = {isa = PBXFileReference; lastKnownFileType = sourcecode.swift; path = Home.swift; sourceTree = "<group>"; };
		BDB43A7B2641D4CA0038BAE5 /* Tabbar.swift */ = {isa = PBXFileReference; lastKnownFileType = sourcecode.swift; path = Tabbar.swift; sourceTree = "<group>"; };
		BDB43A802641D6ED0038BAE5 /* SysImageButton.swift */ = {isa = PBXFileReference; lastKnownFileType = sourcecode.swift; path = SysImageButton.swift; sourceTree = "<group>"; };
		BDB43A842641DE440038BAE5 /* ErrorPage.swift */ = {isa = PBXFileReference; lastKnownFileType = sourcecode.swift; path = ErrorPage.swift; sourceTree = "<group>"; };
		BDB43A8C2641E03D0038BAE5 /* Header.swift */ = {isa = PBXFileReference; lastKnownFileType = sourcecode.swift; path = Header.swift; sourceTree = "<group>"; };
		BDB43A902641FDFB0038BAE5 /* README.md */ = {isa = PBXFileReference; lastKnownFileType = net.daringfireball.markdown; path = README.md; sourceTree = "<group>"; };
		BDB43A932641FE600038BAE5 /* MVideos.swift */ = {isa = PBXFileReference; lastKnownFileType = sourcecode.swift; path = MVideos.swift; sourceTree = "<group>"; };
		BDB43A982642025F0038BAE5 /* VMHomeFeed.swift */ = {isa = PBXFileReference; lastKnownFileType = sourcecode.swift; path = VMHomeFeed.swift; sourceTree = "<group>"; };
		BDB43AA4264207DA0038BAE5 /* LargeVideoPreview.swift */ = {isa = PBXFileReference; lastKnownFileType = sourcecode.swift; path = LargeVideoPreview.swift; sourceTree = "<group>"; };
		BDB43AB626420DFA0038BAE5 /* VMImageLoader.swift */ = {isa = PBXFileReference; lastKnownFileType = sourcecode.swift; path = VMImageLoader.swift; sourceTree = "<group>"; };
		BDB43ABE26420F3E0038BAE5 /* ShowImage.swift */ = {isa = PBXFileReference; lastKnownFileType = sourcecode.swift; path = ShowImage.swift; sourceTree = "<group>"; };
/* End PBXFileReference section */

/* Begin PBXFrameworksBuildPhase section */
		BDB43A572641D2AD0038BAE5 /* Frameworks */ = {
			isa = PBXFrameworksBuildPhase;
			buildActionMask = 2147483647;
			files = (
				7CA637A2D7088D3820CC4E85 /* Pods_Youtube.framework in Frameworks */,
			);
			runOnlyForDeploymentPostprocessing = 0;
		};
/* End PBXFrameworksBuildPhase section */

/* Begin PBXGroup section */
		085076FE4D91D1F7F332B1DB /* Pods */ = {
			isa = PBXGroup;
			children = (
				4B5A6317BDCE0C79F7B50527 /* Pods-Youtube.debug.xcconfig */,
				18DC8AC63F99FFD5F16317C9 /* Pods-Youtube.release.xcconfig */,
			);
			path = Pods;
			sourceTree = "<group>";
		};
		49599E95CB7D2566DC9D38A5 /* Frameworks */ = {
			isa = PBXGroup;
			children = (
				B4AFAA034BFABA63623473AF /* Pods_Youtube.framework */,
			);
			name = Frameworks;
			sourceTree = "<group>";
		};
		BD3F24AE2646CA1700D1EBA9 /* Headers */ = {
			isa = PBXGroup;
			children = (
				BDB43A8C2641E03D0038BAE5 /* Header.swift */,
			);
			path = Headers;
			sourceTree = "<group>";
		};
		BD3F24AF2646CA2000D1EBA9 /* Footers */ = {
			isa = PBXGroup;
			children = (
				BDB43A7B2641D4CA0038BAE5 /* Tabbar.swift */,
				BD3F24BA2647294500D1EBA9 /* AddModal.swift */,
			);
			path = Footers;
			sourceTree = "<group>";
		};
		BD3F24B02646CA2F00D1EBA9 /* VideosAndImages */ = {
			isa = PBXGroup;
			children = (
				BDB43AA4264207DA0038BAE5 /* LargeVideoPreview.swift */,
				BDB43ABE26420F3E0038BAE5 /* ShowImage.swift */,
			);
			path = VideosAndImages;
			sourceTree = "<group>";
		};
		BD3F24B22646CD2300D1EBA9 /* General */ = {
			isa = PBXGroup;
			children = (
				BD3F24B32646CD3700D1EBA9 /* RoundedCorners.swift */,
			);
			path = General;
			sourceTree = "<group>";
		};
		BDB43A512641D2AD0038BAE5 = {
			isa = PBXGroup;
			children = (
				BDB43A902641FDFB0038BAE5 /* README.md */,
				BDB43A5C2641D2AD0038BAE5 /* Youtube */,
				BDB43A5B2641D2AD0038BAE5 /* Products */,
				085076FE4D91D1F7F332B1DB /* Pods */,
				49599E95CB7D2566DC9D38A5 /* Frameworks */,
			);
			sourceTree = "<group>";
		};
		BDB43A5B2641D2AD0038BAE5 /* Products */ = {
			isa = PBXGroup;
			children = (
				BDB43A5A2641D2AD0038BAE5 /* Youtube.app */,
			);
			name = Products;
			sourceTree = "<group>";
		};
		BDB43A5C2641D2AD0038BAE5 /* Youtube */ = {
			isa = PBXGroup;
			children = (
				BDB43A6D2641D2C20038BAE5 /* Model */,
				BDB43A6E2641D2C80038BAE5 /* ModelView */,
				BDB43A6F2641D2D20038BAE5 /* View */,
				BDB43A5F2641D2AD0038BAE5 /* ContentView.swift */,
				BDB43A5D2641D2AD0038BAE5 /* YoutubeApp.swift */,
				BDB43A612641D2AE0038BAE5 /* Assets.xcassets */,
				BDB43A662641D2AE0038BAE5 /* Info.plist */,
				BDB43A632641D2AE0038BAE5 /* Preview Content */,
			);
			path = Youtube;
			sourceTree = "<group>";
		};
		BDB43A632641D2AE0038BAE5 /* Preview Content */ = {
			isa = PBXGroup;
			children = (
				BDB43A642641D2AE0038BAE5 /* Preview Assets.xcassets */,
			);
			path = "Preview Content";
			sourceTree = "<group>";
		};
		BDB43A6D2641D2C20038BAE5 /* Model */ = {
			isa = PBXGroup;
			children = (
				BDB43A932641FE600038BAE5 /* MVideos.swift */,
			);
			path = Model;
			sourceTree = "<group>";
		};
		BDB43A6E2641D2C80038BAE5 /* ModelView */ = {
			isa = PBXGroup;
			children = (
				BDB43A982642025F0038BAE5 /* VMHomeFeed.swift */,
				BDB43AB626420DFA0038BAE5 /* VMImageLoader.swift */,
				BD3F24B72646EEC300D1EBA9 /* VMStore.swift */,
			);
			path = ModelView;
			sourceTree = "<group>";
		};
		BDB43A6F2641D2D20038BAE5 /* View */ = {
			isa = PBXGroup;
			children = (
				BDB43A782641D3380038BAE5 /* Components */,
				BDB43A772641D32E0038BAE5 /* Pages */,
			);
			path = View;
			sourceTree = "<group>";
		};
		BDB43A772641D32E0038BAE5 /* Pages */ = {
			isa = PBXGroup;
			children = (
				BDB43A722641D31F0038BAE5 /* Home.swift */,
				BDB43A842641DE440038BAE5 /* ErrorPage.swift */,
			);
			path = Pages;
			sourceTree = "<group>";
		};
		BDB43A782641D3380038BAE5 /* Components */ = {
			isa = PBXGroup;
			children = (
				BD3F24B22646CD2300D1EBA9 /* General */,
				BD3F24B02646CA2F00D1EBA9 /* VideosAndImages */,
				BD3F24AF2646CA2000D1EBA9 /* Footers */,
				BD3F24AE2646CA1700D1EBA9 /* Headers */,
				BDB43A7F2641D6D30038BAE5 /* Buttons */,
			);
			path = Components;
			sourceTree = "<group>";
		};
		BDB43A7F2641D6D30038BAE5 /* Buttons */ = {
			isa = PBXGroup;
			children = (
				BDB43A802641D6ED0038BAE5 /* SysImageButton.swift */,
			);
			path = Buttons;
			sourceTree = "<group>";
		};
/* End PBXGroup section */

/* Begin PBXNativeTarget section */
		BDB43A592641D2AD0038BAE5 /* Youtube */ = {
			isa = PBXNativeTarget;
			buildConfigurationList = BDB43A692641D2AE0038BAE5 /* Build configuration list for PBXNativeTarget "Youtube" */;
			buildPhases = (
				D03B8264F818D200C6653F72 /* [CP] Check Pods Manifest.lock */,
				BDB43A562641D2AD0038BAE5 /* Sources */,
				BDB43A572641D2AD0038BAE5 /* Frameworks */,
				BDB43A582641D2AD0038BAE5 /* Resources */,
				93E267926D2CE3165FA10A7D /* [CP] Embed Pods Frameworks */,
			);
			buildRules = (
			);
			dependencies = (
			);
			name = Youtube;
			packageProductDependencies = (
			);
			productName = Youtube;
			productReference = BDB43A5A2641D2AD0038BAE5 /* Youtube.app */;
			productType = "com.apple.product-type.application";
		};
/* End PBXNativeTarget section */

/* Begin PBXProject section */
		BDB43A522641D2AD0038BAE5 /* Project object */ = {
			isa = PBXProject;
			attributes = {
				LastSwiftUpdateCheck = 1240;
				LastUpgradeCheck = 1240;
				TargetAttributes = {
					BDB43A592641D2AD0038BAE5 = {
						CreatedOnToolsVersion = 12.4;
					};
				};
			};
			buildConfigurationList = BDB43A552641D2AD0038BAE5 /* Build configuration list for PBXProject "Youtube" */;
			compatibilityVersion = "Xcode 9.3";
			developmentRegion = en;
			hasScannedForEncodings = 0;
			knownRegions = (
				en,
				Base,
			);
			mainGroup = BDB43A512641D2AD0038BAE5;
			packageReferences = (
			);
			productRefGroup = BDB43A5B2641D2AD0038BAE5 /* Products */;
			projectDirPath = "";
			projectRoot = "";
			targets = (
				BDB43A592641D2AD0038BAE5 /* Youtube */,
			);
		};
/* End PBXProject section */

/* Begin PBXResourcesBuildPhase section */
		BDB43A582641D2AD0038BAE5 /* Resources */ = {
			isa = PBXResourcesBuildPhase;
			buildActionMask = 2147483647;
			files = (
				BDB43A912641FDFB0038BAE5 /* README.md in Resources */,
				BDB43A652641D2AE0038BAE5 /* Preview Assets.xcassets in Resources */,
				BDB43A622641D2AE0038BAE5 /* Assets.xcassets in Resources */,
			);
			runOnlyForDeploymentPostprocessing = 0;
		};
/* End PBXResourcesBuildPhase section */

/* Begin PBXShellScriptBuildPhase section */
		93E267926D2CE3165FA10A7D /* [CP] Embed Pods Frameworks */ = {
			isa = PBXShellScriptBuildPhase;
			buildActionMask = 2147483647;
			files = (
			);
			inputFileListPaths = (
				"${PODS_ROOT}/Target Support Files/Pods-Youtube/Pods-Youtube-frameworks-${CONFIGURATION}-input-files.xcfilelist",
			);
			name = "[CP] Embed Pods Frameworks";
			outputFileListPaths = (
				"${PODS_ROOT}/Target Support Files/Pods-Youtube/Pods-Youtube-frameworks-${CONFIGURATION}-output-files.xcfilelist",
			);
			runOnlyForDeploymentPostprocessing = 0;
			shellPath = /bin/sh;
			shellScript = "\"${PODS_ROOT}/Target Support Files/Pods-Youtube/Pods-Youtube-frameworks.sh\"\n";
			showEnvVarsInLog = 0;
		};
		D03B8264F818D200C6653F72 /* [CP] Check Pods Manifest.lock */ = {
			isa = PBXShellScriptBuildPhase;
			buildActionMask = 2147483647;
			files = (
			);
			inputFileListPaths = (
			);
			inputPaths = (
				"${PODS_PODFILE_DIR_PATH}/Podfile.lock",
				"${PODS_ROOT}/Manifest.lock",
			);
			name = "[CP] Check Pods Manifest.lock";
			outputFileListPaths = (
			);
			outputPaths = (
				"$(DERIVED_FILE_DIR)/Pods-Youtube-checkManifestLockResult.txt",
			);
			runOnlyForDeploymentPostprocessing = 0;
			shellPath = /bin/sh;
			shellScript = "diff \"${PODS_PODFILE_DIR_PATH}/Podfile.lock\" \"${PODS_ROOT}/Manifest.lock\" > /dev/null\nif [ $? != 0 ] ; then\n    # print error to STDERR\n    echo \"error: The sandbox is not in sync with the Podfile.lock. Run 'pod install' or update your CocoaPods installation.\" >&2\n    exit 1\nfi\n# This output is used by Xcode 'outputs' to avoid re-running this script phase.\necho \"SUCCESS\" > \"${SCRIPT_OUTPUT_FILE_0}\"\n";
			showEnvVarsInLog = 0;
		};
/* End PBXShellScriptBuildPhase section */

/* Begin PBXSourcesBuildPhase section */
		BDB43A562641D2AD0038BAE5 /* Sources */ = {
			isa = PBXSourcesBuildPhase;
			buildActionMask = 2147483647;
			files = (
				BDB43A602641D2AD0038BAE5 /* ContentView.swift in Sources */,
				BDB43A812641D6ED0038BAE5 /* SysImageButton.swift in Sources */,
				BDB43A732641D31F0038BAE5 /* Home.swift in Sources */,
				BDB43A992642025F0038BAE5 /* VMHomeFeed.swift in Sources */,
				BDB43AB726420DFA0038BAE5 /* VMImageLoader.swift in Sources */,
				BDB43A8D2641E03D0038BAE5 /* Header.swift in Sources */,
				BDB43A5E2641D2AD0038BAE5 /* YoutubeApp.swift in Sources */,
				BDB43AA5264207DA0038BAE5 /* LargeVideoPreview.swift in Sources */,
				BDB43A7C2641D4CA0038BAE5 /* Tabbar.swift in Sources */,
				BD3F24B42646CD3700D1EBA9 /* RoundedCorners.swift in Sources */,
				BD3F24BB2647294500D1EBA9 /* AddModal.swift in Sources */,
				BD3F24B82646EEC300D1EBA9 /* VMStore.swift in Sources */,
				BDB43A942641FE600038BAE5 /* MVideos.swift in Sources */,
				BDB43ABF26420F3E0038BAE5 /* ShowImage.swift in Sources */,
				BDB43A852641DE440038BAE5 /* ErrorPage.swift in Sources */,
			);
			runOnlyForDeploymentPostprocessing = 0;
		};
/* End PBXSourcesBuildPhase section */

/* Begin XCBuildConfiguration section */
		BDB43A672641D2AE0038BAE5 /* Debug */ = {
			isa = XCBuildConfiguration;
			buildSettings = {
				ALWAYS_SEARCH_USER_PATHS = NO;
				CLANG_ANALYZER_NONNULL = YES;
				CLANG_ANALYZER_NUMBER_OBJECT_CONVERSION = YES_AGGRESSIVE;
				CLANG_CXX_LANGUAGE_STANDARD = "gnu++14";
				CLANG_CXX_LIBRARY = "libc++";
				CLANG_ENABLE_MODULES = YES;
				CLANG_ENABLE_OBJC_ARC = YES;
				CLANG_ENABLE_OBJC_WEAK = YES;
				CLANG_WARN_BLOCK_CAPTURE_AUTORELEASING = YES;
				CLANG_WARN_BOOL_CONVERSION = YES;
				CLANG_WARN_COMMA = YES;
				CLANG_WARN_CONSTANT_CONVERSION = YES;
				CLANG_WARN_DEPRECATED_OBJC_IMPLEMENTATIONS = YES;
				CLANG_WARN_DIRECT_OBJC_ISA_USAGE = YES_ERROR;
				CLANG_WARN_DOCUMENTATION_COMMENTS = YES;
				CLANG_WARN_EMPTY_BODY = YES;
				CLANG_WARN_ENUM_CONVERSION = YES;
				CLANG_WARN_INFINITE_RECURSION = YES;
				CLANG_WARN_INT_CONVERSION = YES;
				CLANG_WARN_NON_LITERAL_NULL_CONVERSION = YES;
				CLANG_WARN_OBJC_IMPLICIT_RETAIN_SELF = YES;
				CLANG_WARN_OBJC_LITERAL_CONVERSION = YES;
				CLANG_WARN_OBJC_ROOT_CLASS = YES_ERROR;
				CLANG_WARN_QUOTED_INCLUDE_IN_FRAMEWORK_HEADER = YES;
				CLANG_WARN_RANGE_LOOP_ANALYSIS = YES;
				CLANG_WARN_STRICT_PROTOTYPES = YES;
				CLANG_WARN_SUSPICIOUS_MOVE = YES;
				CLANG_WARN_UNGUARDED_AVAILABILITY = YES_AGGRESSIVE;
				CLANG_WARN_UNREACHABLE_CODE = YES;
				CLANG_WARN__DUPLICATE_METHOD_MATCH = YES;
				COPY_PHASE_STRIP = NO;
				DEBUG_INFORMATION_FORMAT = dwarf;
				ENABLE_STRICT_OBJC_MSGSEND = YES;
				ENABLE_TESTABILITY = YES;
				GCC_C_LANGUAGE_STANDARD = gnu11;
				GCC_DYNAMIC_NO_PIC = NO;
				GCC_NO_COMMON_BLOCKS = YES;
				GCC_OPTIMIZATION_LEVEL = 0;
				GCC_PREPROCESSOR_DEFINITIONS = (
					"DEBUG=1",
					"$(inherited)",
				);
				GCC_WARN_64_TO_32_BIT_CONVERSION = YES;
				GCC_WARN_ABOUT_RETURN_TYPE = YES_ERROR;
				GCC_WARN_UNDECLARED_SELECTOR = YES;
				GCC_WARN_UNINITIALIZED_AUTOS = YES_AGGRESSIVE;
				GCC_WARN_UNUSED_FUNCTION = YES;
				GCC_WARN_UNUSED_VARIABLE = YES;
				IPHONEOS_DEPLOYMENT_TARGET = 14.1;
				MTL_ENABLE_DEBUG_INFO = INCLUDE_SOURCE;
				MTL_FAST_MATH = YES;
				ONLY_ACTIVE_ARCH = YES;
				SDKROOT = iphoneos;
				SWIFT_ACTIVE_COMPILATION_CONDITIONS = DEBUG;
				SWIFT_OPTIMIZATION_LEVEL = "-Onone";
			};
			name = Debug;
		};
		BDB43A682641D2AE0038BAE5 /* Release */ = {
			isa = XCBuildConfiguration;
			buildSettings = {
				ALWAYS_SEARCH_USER_PATHS = NO;
				CLANG_ANALYZER_NONNULL = YES;
				CLANG_ANALYZER_NUMBER_OBJECT_CONVERSION = YES_AGGRESSIVE;
				CLANG_CXX_LANGUAGE_STANDARD = "gnu++14";
				CLANG_CXX_LIBRARY = "libc++";
				CLANG_ENABLE_MODULES = YES;
				CLANG_ENABLE_OBJC_ARC = YES;
				CLANG_ENABLE_OBJC_WEAK = YES;
				CLANG_WARN_BLOCK_CAPTURE_AUTORELEASING = YES;
				CLANG_WARN_BOOL_CONVERSION = YES;
				CLANG_WARN_COMMA = YES;
				CLANG_WARN_CONSTANT_CONVERSION = YES;
				CLANG_WARN_DEPRECATED_OBJC_IMPLEMENTATIONS = YES;
				CLANG_WARN_DIRECT_OBJC_ISA_USAGE = YES_ERROR;
				CLANG_WARN_DOCUMENTATION_COMMENTS = YES;
				CLANG_WARN_EMPTY_BODY = YES;
				CLANG_WARN_ENUM_CONVERSION = YES;
				CLANG_WARN_INFINITE_RECURSION = YES;
				CLANG_WARN_INT_CONVERSION = YES;
				CLANG_WARN_NON_LITERAL_NULL_CONVERSION = YES;
				CLANG_WARN_OBJC_IMPLICIT_RETAIN_SELF = YES;
				CLANG_WARN_OBJC_LITERAL_CONVERSION = YES;
				CLANG_WARN_OBJC_ROOT_CLASS = YES_ERROR;
				CLANG_WARN_QUOTED_INCLUDE_IN_FRAMEWORK_HEADER = YES;
				CLANG_WARN_RANGE_LOOP_ANALYSIS = YES;
				CLANG_WARN_STRICT_PROTOTYPES = YES;
				CLANG_WARN_SUSPICIOUS_MOVE = YES;
				CLANG_WARN_UNGUARDED_AVAILABILITY = YES_AGGRESSIVE;
				CLANG_WARN_UNREACHABLE_CODE = YES;
				CLANG_WARN__DUPLICATE_METHOD_MATCH = YES;
				COPY_PHASE_STRIP = NO;
				DEBUG_INFORMATION_FORMAT = "dwarf-with-dsym";
				ENABLE_NS_ASSERTIONS = NO;
				ENABLE_STRICT_OBJC_MSGSEND = YES;
				GCC_C_LANGUAGE_STANDARD = gnu11;
				GCC_NO_COMMON_BLOCKS = YES;
				GCC_WARN_64_TO_32_BIT_CONVERSION = YES;
				GCC_WARN_ABOUT_RETURN_TYPE = YES_ERROR;
				GCC_WARN_UNDECLARED_SELECTOR = YES;
				GCC_WARN_UNINITIALIZED_AUTOS = YES_AGGRESSIVE;
				GCC_WARN_UNUSED_FUNCTION = YES;
				GCC_WARN_UNUSED_VARIABLE = YES;
				IPHONEOS_DEPLOYMENT_TARGET = 14.1;
				MTL_ENABLE_DEBUG_INFO = NO;
				MTL_FAST_MATH = YES;
				SDKROOT = iphoneos;
				SWIFT_COMPILATION_MODE = wholemodule;
				SWIFT_OPTIMIZATION_LEVEL = "-O";
				VALIDATE_PRODUCT = YES;
			};
			name = Release;
		};
		BDB43A6A2641D2AE0038BAE5 /* Debug */ = {
			isa = XCBuildConfiguration;
			baseConfigurationReference = 4B5A6317BDCE0C79F7B50527 /* Pods-Youtube.debug.xcconfig */;
			buildSettings = {
				ASSETCATALOG_COMPILER_APPICON_NAME = AppIcon;
				ASSETCATALOG_COMPILER_GLOBAL_ACCENT_COLOR_NAME = AccentColor;
				CODE_SIGN_STYLE = Automatic;
				DEVELOPMENT_ASSET_PATHS = "\"Youtube/Preview Content\"";
				DEVELOPMENT_TEAM = DA86X9T539;
				ENABLE_PREVIEWS = YES;
				INFOPLIST_FILE = Youtube/Info.plist;
				IPHONEOS_DEPLOYMENT_TARGET = 14.1;
				LD_RUNPATH_SEARCH_PATHS = (
					"$(inherited)",
					"@executable_path/Frameworks",
				);
				PRODUCT_BUNDLE_IDENTIFIER = com.test.Youtube;
				PRODUCT_NAME = "$(TARGET_NAME)";
				SWIFT_VERSION = 5.0;
				TARGETED_DEVICE_FAMILY = "1,2";
			};
			name = Debug;
		};
		BDB43A6B2641D2AE0038BAE5 /* Release */ = {
			isa = XCBuildConfiguration;
			baseConfigurationReference = 18DC8AC63F99FFD5F16317C9 /* Pods-Youtube.release.xcconfig */;
			buildSettings = {
				ASSETCATALOG_COMPILER_APPICON_NAME = AppIcon;
				ASSETCATALOG_COMPILER_GLOBAL_ACCENT_COLOR_NAME = AccentColor;
				CODE_SIGN_STYLE = Automatic;
				DEVELOPMENT_ASSET_PATHS = "\"Youtube/Preview Content\"";
				DEVELOPMENT_TEAM = DA86X9T539;
				ENABLE_PREVIEWS = YES;
				INFOPLIST_FILE = Youtube/Info.plist;
				IPHONEOS_DEPLOYMENT_TARGET = 14.1;
				LD_RUNPATH_SEARCH_PATHS = (
					"$(inherited)",
					"@executable_path/Frameworks",
				);
				PRODUCT_BUNDLE_IDENTIFIER = com.test.Youtube;
				PRODUCT_NAME = "$(TARGET_NAME)";
				SWIFT_VERSION = 5.0;
				TARGETED_DEVICE_FAMILY = "1,2";
			};
			name = Release;
		};
/* End XCBuildConfiguration section */

/* Begin XCConfigurationList section */
		BDB43A552641D2AD0038BAE5 /* Build configuration list for PBXProject "Youtube" */ = {
			isa = XCConfigurationList;
			buildConfigurations = (
				BDB43A672641D2AE0038BAE5 /* Debug */,
				BDB43A682641D2AE0038BAE5 /* Release */,
			);
			defaultConfigurationIsVisible = 0;
			defaultConfigurationName = Release;
		};
		BDB43A692641D2AE0038BAE5 /* Build configuration list for PBXNativeTarget "Youtube" */ = {
			isa = XCConfigurationList;
			buildConfigurations = (
				BDB43A6A2641D2AE0038BAE5 /* Debug */,
				BDB43A6B2641D2AE0038BAE5 /* Release */,
			);
			defaultConfigurationIsVisible = 0;
			defaultConfigurationName = Release;
		};
/* End XCConfigurationList section */
	};
	rootObject = BDB43A522641D2AD0038BAE5 /* Project object */;
}
